
Microsoft Visual Studio Solution File, Format Version 12.00
# Visual Studio 14
VisualStudioVersion = 14.0.24720.0
MinimumVisualStudioVersion = 10.0.40219.1
Project("{FAE04EC0-301F-11D3-BF4B-00C04F79EFBC}") = "PAY__ROLL", "PAY__ROLL\PAY__ROLL.csproj", "{2C292FF0-0A5C-4D1B-B56E-48DECD163C2F}"
EndProject
Project("{FAE04EC0-301F-11D3-BF4B-00C04F79EFBC}") = "PAYROLL_test", "PAYROLL_test\PAYROLL_test.csproj", "{01553CB6-9937-4336-8B74-25A6FCE2585C}"
EndProject
Global
	GlobalSection(SolutionConfigurationPlatforms) = preSolution
		Debug|Any CPU = Debug|Any CPU
		Release|Any CPU = Release|Any CPU
	EndGlobalSection
	GlobalSection(ProjectConfigurationPlatforms) = postSolution
		{2C292FF0-0A5C-4D1B-B56E-48DECD163C2F}.Debug|Any CPU.ActiveCfg = Debug|Any CPU
		{2C292FF0-0A5C-4D1B-B56E-48DECD163C2F}.Debug|Any CPU.Build.0 = Debug|Any CPU
		{2C292FF0-0A5C-4D1B-B56E-48DECD163C2F}.Release|Any CPU.ActiveCfg = Release|Any CPU
		{2C292FF0-0A5C-4D1B-B56E-48DECD163C2F}.Release|Any CPU.Build.0 = Release|Any CPU
		{01553CB6-9937-4336-8B74-25A6FCE2585C}.Debug|Any CPU.ActiveCfg = Debug|Any CPU
		{01553CB6-9937-4336-8B74-25A6FCE2585C}.Debug|Any CPU.Build.0 = Debug|Any CPU
		{01553CB6-9937-4336-8B74-25A6FCE2585C}.Release|Any CPU.ActiveCfg = Release|Any CPU
		{01553CB6-9937-4336-8B74-25A6FCE2585C}.Release|Any CPU.Build.0 = Release|Any CPU
	EndGlobalSection
	GlobalSection(SolutionProperties) = preSolution
		HideSolutionNode = FALSE
	EndGlobalSection
EndGlobal
